
Microsoft Visual Studio Solution File, Format Version 12.00
# Visual Studio 15
VisualStudioVersion = 15.0.26430.12
MinimumVisualStudioVersion = 10.0.40219.1
Project("{FAE04EC0-301F-11D3-BF4B-00C04F79EFBC}") = "FileWatcherService", "FileWatcherService\FileWatcherService.csproj", "{F95AAD52-B9A1-4F03-B606-5E771D536E3C}"
EndProject
Project("{FAE04EC0-301F-11D3-BF4B-00C04F79EFBC}") = "FileWatcherModel", "FileWatcherModel\FileWatcherModel.csproj", "{90AD7CE1-3251-47D3-9D48-F03EC40EF770}"
EndProject
Project("{FAE04EC0-301F-11D3-BF4B-00C04F79EFBC}") = "FileWatcherDAL", "FileWatcherDAL\FileWatcherDAL.csproj", "{15C04A84-2E28-413C-9057-8A5F7DB248B9}"
EndProject
Project("{FAE04EC0-301F-11D3-BF4B-00C04F79EFBC}") = "ConsoleClient", "ConsoleClient\ConsoleClient.csproj", "{A75C569B-2440-4AE7-BE4A-CCD2F4EE4FCE}"
EndProject
Project("{FAE04EC0-301F-11D3-BF4B-00C04F79EFBC}") = "DatabaseHandler", "DatabaseHandler\DatabaseHandler.csproj", "{D0E58053-2FA8-4F79-9ADA-80510D84883A}"
EndProject
Global
	GlobalSection(SolutionConfigurationPlatforms) = preSolution
		Debug|Any CPU = Debug|Any CPU
		Release|Any CPU = Release|Any CPU
	EndGlobalSection
	GlobalSection(ProjectConfigurationPlatforms) = postSolution
		{F95AAD52-B9A1-4F03-B606-5E771D536E3C}.Debug|Any CPU.ActiveCfg = Debug|Any CPU
		{F95AAD52-B9A1-4F03-B606-5E771D536E3C}.Debug|Any CPU.Build.0 = Debug|Any CPU
		{F95AAD52-B9A1-4F03-B606-5E771D536E3C}.Release|Any CPU.ActiveCfg = Release|Any CPU
		{F95AAD52-B9A1-4F03-B606-5E771D536E3C}.Release|Any CPU.Build.0 = Release|Any CPU
		{90AD7CE1-3251-47D3-9D48-F03EC40EF770}.Debug|Any CPU.ActiveCfg = Debug|Any CPU
		{90AD7CE1-3251-47D3-9D48-F03EC40EF770}.Debug|Any CPU.Build.0 = Debug|Any CPU
		{90AD7CE1-3251-47D3-9D48-F03EC40EF770}.Release|Any CPU.ActiveCfg = Release|Any CPU
		{90AD7CE1-3251-47D3-9D48-F03EC40EF770}.Release|Any CPU.Build.0 = Release|Any CPU
		{15C04A84-2E28-413C-9057-8A5F7DB248B9}.Debug|Any CPU.ActiveCfg = Debug|Any CPU
		{15C04A84-2E28-413C-9057-8A5F7DB248B9}.Debug|Any CPU.Build.0 = Debug|Any CPU
		{15C04A84-2E28-413C-9057-8A5F7DB248B9}.Release|Any CPU.ActiveCfg = Release|Any CPU
		{15C04A84-2E28-413C-9057-8A5F7DB248B9}.Release|Any CPU.Build.0 = Release|Any CPU
		{A75C569B-2440-4AE7-BE4A-CCD2F4EE4FCE}.Debug|Any CPU.ActiveCfg = Debug|Any CPU
		{A75C569B-2440-4AE7-BE4A-CCD2F4EE4FCE}.Debug|Any CPU.Build.0 = Debug|Any CPU
		{A75C569B-2440-4AE7-BE4A-CCD2F4EE4FCE}.Release|Any CPU.ActiveCfg = Release|Any CPU
		{A75C569B-2440-4AE7-BE4A-CCD2F4EE4FCE}.Release|Any CPU.Build.0 = Release|Any CPU
		{D0E58053-2FA8-4F79-9ADA-80510D84883A}.Debug|Any CPU.ActiveCfg = Debug|Any CPU
		{D0E58053-2FA8-4F79-9ADA-80510D84883A}.Debug|Any CPU.Build.0 = Debug|Any CPU
		{D0E58053-2FA8-4F79-9ADA-80510D84883A}.Release|Any CPU.ActiveCfg = Release|Any CPU
		{D0E58053-2FA8-4F79-9ADA-80510D84883A}.Release|Any CPU.Build.0 = Release|Any CPU
	EndGlobalSection
	GlobalSection(SolutionProperties) = preSolution
		HideSolutionNode = FALSE
	EndGlobalSection
EndGlobal
